// !$*UTF8*$!
{
	archiveVersion = 1;
	classes = {
	};
	objectVersion = 46;
	objects = {

/* Begin PBXBuildFile section */
		E41A0AB61611A39700EE4C85 /* Security.framework in Frameworks */ = {isa = PBXBuildFile; fileRef = E41A0AB51611A39700EE4C85 /* Security.framework */; };
		E41A0AB91611AA6A00EE4C85 /* EVNotebookListViewController.m in Sources */ = {isa = PBXBuildFile; fileRef = E41A0AB81611AA6900EE4C85 /* EVNotebookListViewController.m */; };
		E41A0ABA1611AA6A00EE4C85 /* EVNotebookListViewController.m in Sources */ = {isa = PBXBuildFile; fileRef = E41A0AB81611AA6900EE4C85 /* EVNotebookListViewController.m */; };
		E41A0ACD1611B7BF00EE4C85 /* EVNotebookDetailViewController.m in Sources */ = {isa = PBXBuildFile; fileRef = E41A0ACC1611B7BF00EE4C85 /* EVNotebookDetailViewController.m */; };
		E41A0AD01611B81C00EE4C85 /* EVNoteListViewController.m in Sources */ = {isa = PBXBuildFile; fileRef = E41A0ACF1611B81C00EE4C85 /* EVNoteListViewController.m */; };
		E44A0A971611983700DA3F0F /* UIKit.framework in Frameworks */ = {isa = PBXBuildFile; fileRef = E44A0A961611983700DA3F0F /* UIKit.framework */; };
		E44A0A991611983700DA3F0F /* Foundation.framework in Frameworks */ = {isa = PBXBuildFile; fileRef = E44A0A981611983700DA3F0F /* Foundation.framework */; };
		E44A0A9B1611983700DA3F0F /* CoreGraphics.framework in Frameworks */ = {isa = PBXBuildFile; fileRef = E44A0A9A1611983700DA3F0F /* CoreGraphics.framework */; };
		E44A0AA11611983700DA3F0F /* InfoPlist.strings in Resources */ = {isa = PBXBuildFile; fileRef = E44A0A9F1611983700DA3F0F /* InfoPlist.strings */; };
		E44A0AA31611983700DA3F0F /* main.m in Sources */ = {isa = PBXBuildFile; fileRef = E44A0AA21611983700DA3F0F /* main.m */; };
		E44A0AA71611983700DA3F0F /* EVAppDelegate.m in Sources */ = {isa = PBXBuildFile; fileRef = E44A0AA61611983700DA3F0F /* EVAppDelegate.m */; };
		E44A0AA91611983700DA3F0F /* Default.png in Resources */ = {isa = PBXBuildFile; fileRef = E44A0AA81611983700DA3F0F /* Default.png */; };
		E44A0AAB1611983700DA3F0F /* Default@2x.png in Resources */ = {isa = PBXBuildFile; fileRef = E44A0AAA1611983700DA3F0F /* Default@2x.png */; };
		E44A0AAD1611983700DA3F0F /* Default-568h@2x.png in Resources */ = {isa = PBXBuildFile; fileRef = E44A0AAC1611983700DA3F0F /* Default-568h@2x.png */; };
		E44A0AB01611983700DA3F0F /* MainStoryboard_iPhone.storyboard in Resources */ = {isa = PBXBuildFile; fileRef = E44A0AAE1611983700DA3F0F /* MainStoryboard_iPhone.storyboard */; };
		E44A0AB31611983700DA3F0F /* MainStoryboard_iPad.storyboard in Resources */ = {isa = PBXBuildFile; fileRef = E44A0AB11611983700DA3F0F /* MainStoryboard_iPad.storyboard */; };
		E44A0AB61611983700DA3F0F /* EVViewController.m in Sources */ = {isa = PBXBuildFile; fileRef = E44A0AB51611983700DA3F0F /* EVViewController.m */; };
		E44A0ABE1611983800DA3F0F /* SenTestingKit.framework in Frameworks */ = {isa = PBXBuildFile; fileRef = E44A0ABD1611983800DA3F0F /* SenTestingKit.framework */; };
		E44A0ABF1611983800DA3F0F /* UIKit.framework in Frameworks */ = {isa = PBXBuildFile; fileRef = E44A0A961611983700DA3F0F /* UIKit.framework */; };
		E44A0AC01611983800DA3F0F /* Foundation.framework in Frameworks */ = {isa = PBXBuildFile; fileRef = E44A0A981611983700DA3F0F /* Foundation.framework */; };
		E44A0AC81611983800DA3F0F /* InfoPlist.strings in Resources */ = {isa = PBXBuildFile; fileRef = E44A0AC61611983800DA3F0F /* InfoPlist.strings */; };
		E44A0ACB1611983800DA3F0F /* EVTestTests.m in Sources */ = {isa = PBXBuildFile; fileRef = E44A0ACA1611983800DA3F0F /* EVTestTests.m */; };
		E48C3BDA1612D6FE007BCB73 /* EVNoteEditViewController.m in Sources */ = {isa = PBXBuildFile; fileRef = E48C3BD91612D6FE007BCB73 /* EVNoteEditViewController.m */; };
		E48C3C231612DEE4007BCB73 /* GCOAuth.m in Sources */ = {isa = PBXBuildFile; fileRef = E48C3BDF1612DEE4007BCB73 /* GCOAuth.m */; };
		E48C3C241612DEE4007BCB73 /* LICENSE in Resources */ = {isa = PBXBuildFile; fileRef = E48C3BE01612DEE4007BCB73 /* LICENSE */; };
		E48C3C251612DEE4007BCB73 /* NSData+Base64.m in Sources */ = {isa = PBXBuildFile; fileRef = E48C3BE21612DEE4007BCB73 /* NSData+Base64.m */; };
		E48C3C261612DEE4007BCB73 /* LICENSE in Resources */ = {isa = PBXBuildFile; fileRef = E48C3BE41612DEE4007BCB73 /* LICENSE */; };
		E48C3C271612DEE4007BCB73 /* NSString+URLEncoding.m in Sources */ = {isa = PBXBuildFile; fileRef = E48C3BE61612DEE4007BCB73 /* NSString+URLEncoding.m */; };
		E48C3C281612DEE4007BCB73 /* LICENSE in Resources */ = {isa = PBXBuildFile; fileRef = E48C3BE81612DEE4007BCB73 /* LICENSE */; };
		E48C3C291612DEE4007BCB73 /* SSKeychain.m in Sources */ = {isa = PBXBuildFile; fileRef = E48C3BEA1612DEE4007BCB73 /* SSKeychain.m */; };
		E48C3C2A1612DEE4007BCB73 /* LICENSE in Resources */ = {isa = PBXBuildFile; fileRef = E48C3BEC1612DEE4007BCB73 /* LICENSE */; };
		E48C3C2B1612DEE4007BCB73 /* TBinaryProtocol.m in Sources */ = {isa = PBXBuildFile; fileRef = E48C3BEF1612DEE4007BCB73 /* TBinaryProtocol.m */; };
		E48C3C2C1612DEE4007BCB73 /* TProtocolException.m in Sources */ = {isa = PBXBuildFile; fileRef = E48C3BF21612DEE4007BCB73 /* TProtocolException.m */; };
		E48C3C2D1612DEE4007BCB73 /* TProtocolUtil.m in Sources */ = {isa = PBXBuildFile; fileRef = E48C3BF51612DEE4007BCB73 /* TProtocolUtil.m */; };
		E48C3C2E1612DEE4007BCB73 /* TApplicationException.m in Sources */ = {isa = PBXBuildFile; fileRef = E48C3BF71612DEE4007BCB73 /* TApplicationException.m */; };
		E48C3C2F1612DEE4007BCB73 /* TException.m in Sources */ = {isa = PBXBuildFile; fileRef = E48C3BF91612DEE4007BCB73 /* TException.m */; };
		E48C3C301612DEE4007BCB73 /* THTTPClient.m in Sources */ = {isa = PBXBuildFile; fileRef = E48C3BFF1612DEE4007BCB73 /* THTTPClient.m */; };
		E48C3C311612DEE4007BCB73 /* TMemoryBuffer.m in Sources */ = {isa = PBXBuildFile; fileRef = E48C3C011612DEE4007BCB73 /* TMemoryBuffer.m */; };
		E48C3C321612DEE4007BCB73 /* TTransportException.m in Sources */ = {isa = PBXBuildFile; fileRef = E48C3C041612DEE4007BCB73 /* TTransportException.m */; };
		E48C3C331612DEE4007BCB73 /* EDAMErrors.m in Sources */ = {isa = PBXBuildFile; fileRef = E48C3C081612DEE4007BCB73 /* EDAMErrors.m */; };
		E48C3C341612DEE4007BCB73 /* EDAMLimits.m in Sources */ = {isa = PBXBuildFile; fileRef = E48C3C0A1612DEE4007BCB73 /* EDAMLimits.m */; };
		E48C3C351612DEE4007BCB73 /* EDAMNoteStore.m in Sources */ = {isa = PBXBuildFile; fileRef = E48C3C0C1612DEE4007BCB73 /* EDAMNoteStore.m */; };
		E48C3C361612DEE4007BCB73 /* EDAMTypes.m in Sources */ = {isa = PBXBuildFile; fileRef = E48C3C0E1612DEE4007BCB73 /* EDAMTypes.m */; };
		E48C3C371612DEE4007BCB73 /* EDAMUserStore.m in Sources */ = {isa = PBXBuildFile; fileRef = E48C3C101612DEE4007BCB73 /* EDAMUserStore.m */; };
		E48C3C381612DEE4007BCB73 /* EvernoteNoteStore.m in Sources */ = {isa = PBXBuildFile; fileRef = E48C3C131612DEE4007BCB73 /* EvernoteNoteStore.m */; };
		E48C3C391612DEE4007BCB73 /* EvernoteSDK.m in Sources */ = {isa = PBXBuildFile; fileRef = E48C3C151612DEE4007BCB73 /* EvernoteSDK.m */; };
		E48C3C3A1612DEE4007BCB73 /* EvernoteSession.m in Sources */ = {isa = PBXBuildFile; fileRef = E48C3C171612DEE4007BCB73 /* EvernoteSession.m */; };
		E48C3C3B1612DEE4007BCB73 /* EvernoteUserStore.m in Sources */ = {isa = PBXBuildFile; fileRef = E48C3C191612DEE4007BCB73 /* EvernoteUserStore.m */; };
		E48C3C3C1612DEE4007BCB73 /* ENAPI.m in Sources */ = {isa = PBXBuildFile; fileRef = E48C3C1C1612DEE4007BCB73 /* ENAPI.m */; };
		E48C3C3D1612DEE4007BCB73 /* ENCredentials.m in Sources */ = {isa = PBXBuildFile; fileRef = E48C3C1E1612DEE4007BCB73 /* ENCredentials.m */; };
		E48C3C3E1612DEE4007BCB73 /* ENCredentialStore.m in Sources */ = {isa = PBXBuildFile; fileRef = E48C3C201612DEE4007BCB73 /* ENCredentialStore.m */; };
		E48C3C3F1612DEE4007BCB73 /* ENOAuthViewController.m in Sources */ = {isa = PBXBuildFile; fileRef = E48C3C221612DEE4007BCB73 /* ENOAuthViewController.m */; };
		E48C3C431612EAA1007BCB73 /* EDAMNote+RawTextContent.m in Sources */ = {isa = PBXBuildFile; fileRef = E48C3C421612EAA1007BCB73 /* EDAMNote+RawTextContent.m */; };
		E48C3C461612FE3C007BCB73 /* EVPlainENMLParser.m in Sources */ = {isa = PBXBuildFile; fileRef = E48C3C451612FE3C007BCB73 /* EVPlainENMLParser.m */; };
		E48C3C491613EAC1007BCB73 /* EVTagParser.m in Sources */ = {isa = PBXBuildFile; fileRef = E48C3C481613EAC1007BCB73 /* EVTagParser.m */; };
		E4E93D98161421280010D4AD /* ucweb.png in Resources */ = {isa = PBXBuildFile; fileRef = E4E93D97161421280010D4AD /* ucweb.png */; };
		E4E93D9D16142D150010D4AD /* NSData+MD5.m in Sources */ = {isa = PBXBuildFile; fileRef = E4E93D9C16142D150010D4AD /* NSData+MD5.m */; };
		E4E93DA516143D180010D4AD /* EVShowImageViewController.m in Sources */ = {isa = PBXBuildFile; fileRef = E4E93DA416143D180010D4AD /* EVShowImageViewController.m */; };
/* End PBXBuildFile section */

/* Begin PBXContainerItemProxy section */
		E44A0AC11611983800DA3F0F /* PBXContainerItemProxy */ = {
			isa = PBXContainerItemProxy;
			containerPortal = E44A0A891611983700DA3F0F /* Project object */;
			proxyType = 1;
			remoteGlobalIDString = E44A0A911611983700DA3F0F;
			remoteInfo = EVTest;
		};
/* End PBXContainerItemProxy section */

/* Begin PBXFileReference section */
		E41A0AB51611A39700EE4C85 /* Security.framework */ = {isa = PBXFileReference; lastKnownFileType = wrapper.framework; name = Security.framework; path = System/Library/Frameworks/Security.framework; sourceTree = SDKROOT; };
		E41A0AB71611AA6900EE4C85 /* EVNotebookListViewController.h */ = {isa = PBXFileReference; fileEncoding = 4; lastKnownFileType = sourcecode.c.h; path = EVNotebookListViewController.h; sourceTree = "<group>"; };
		E41A0AB81611AA6900EE4C85 /* EVNotebookListViewController.m */ = {isa = PBXFileReference; fileEncoding = 4; lastKnownFileType = sourcecode.c.objc; path = EVNotebookListViewController.m; sourceTree = "<group>"; };
		E41A0ACB1611B7BF00EE4C85 /* EVNotebookDetailViewController.h */ = {isa = PBXFileReference; fileEncoding = 4; lastKnownFileType = sourcecode.c.h; path = EVNotebookDetailViewController.h; sourceTree = "<group>"; };
		E41A0ACC1611B7BF00EE4C85 /* EVNotebookDetailViewController.m */ = {isa = PBXFileReference; fileEncoding = 4; lastKnownFileType = sourcecode.c.objc; path = EVNotebookDetailViewController.m; sourceTree = "<group>"; };
		E41A0ACE1611B81C00EE4C85 /* EVNoteListViewController.h */ = {isa = PBXFileReference; fileEncoding = 4; lastKnownFileType = sourcecode.c.h; path = EVNoteListViewController.h; sourceTree = "<group>"; };
		E41A0ACF1611B81C00EE4C85 /* EVNoteListViewController.m */ = {isa = PBXFileReference; fileEncoding = 4; lastKnownFileType = sourcecode.c.objc; path = EVNoteListViewController.m; sourceTree = "<group>"; };
		E44A0A921611983700DA3F0F /* EVTest.app */ = {isa = PBXFileReference; explicitFileType = wrapper.application; includeInIndex = 0; path = EVTest.app; sourceTree = BUILT_PRODUCTS_DIR; };
		E44A0A961611983700DA3F0F /* UIKit.framework */ = {isa = PBXFileReference; lastKnownFileType = wrapper.framework; name = UIKit.framework; path = System/Library/Frameworks/UIKit.framework; sourceTree = SDKROOT; };
		E44A0A981611983700DA3F0F /* Foundation.framework */ = {isa = PBXFileReference; lastKnownFileType = wrapper.framework; name = Foundation.framework; path = System/Library/Frameworks/Foundation.framework; sourceTree = SDKROOT; };
		E44A0A9A1611983700DA3F0F /* CoreGraphics.framework */ = {isa = PBXFileReference; lastKnownFileType = wrapper.framework; name = CoreGraphics.framework; path = System/Library/Frameworks/CoreGraphics.framework; sourceTree = SDKROOT; };
		E44A0A9E1611983700DA3F0F /* EVTest-Info.plist */ = {isa = PBXFileReference; lastKnownFileType = text.plist.xml; path = "EVTest-Info.plist"; sourceTree = "<group>"; };
		E44A0AA01611983700DA3F0F /* en */ = {isa = PBXFileReference; lastKnownFileType = text.plist.strings; name = en; path = en.lproj/InfoPlist.strings; sourceTree = "<group>"; };
		E44A0AA21611983700DA3F0F /* main.m */ = {isa = PBXFileReference; lastKnownFileType = sourcecode.c.objc; path = main.m; sourceTree = "<group>"; };
		E44A0AA41611983700DA3F0F /* EVTest-Prefix.pch */ = {isa = PBXFileReference; lastKnownFileType = sourcecode.c.h; path = "EVTest-Prefix.pch"; sourceTree = "<group>"; };
		E44A0AA51611983700DA3F0F /* EVAppDelegate.h */ = {isa = PBXFileReference; lastKnownFileType = sourcecode.c.h; path = EVAppDelegate.h; sourceTree = "<group>"; };
		E44A0AA61611983700DA3F0F /* EVAppDelegate.m */ = {isa = PBXFileReference; lastKnownFileType = sourcecode.c.objc; path = EVAppDelegate.m; sourceTree = "<group>"; };
		E44A0AA81611983700DA3F0F /* Default.png */ = {isa = PBXFileReference; lastKnownFileType = image.png; path = Default.png; sourceTree = "<group>"; };
		E44A0AAA1611983700DA3F0F /* Default@2x.png */ = {isa = PBXFileReference; lastKnownFileType = image.png; path = "Default@2x.png"; sourceTree = "<group>"; };
		E44A0AAC1611983700DA3F0F /* Default-568h@2x.png */ = {isa = PBXFileReference; lastKnownFileType = image.png; path = "Default-568h@2x.png"; sourceTree = "<group>"; };
		E44A0AAF1611983700DA3F0F /* en */ = {isa = PBXFileReference; lastKnownFileType = file.storyboard; name = en; path = en.lproj/MainStoryboard_iPhone.storyboard; sourceTree = "<group>"; };
		E44A0AB21611983700DA3F0F /* en */ = {isa = PBXFileReference; lastKnownFileType = file.storyboard; name = en; path = en.lproj/MainStoryboard_iPad.storyboard; sourceTree = "<group>"; };
		E44A0AB41611983700DA3F0F /* EVViewController.h */ = {isa = PBXFileReference; lastKnownFileType = sourcecode.c.h; path = EVViewController.h; sourceTree = "<group>"; };
		E44A0AB51611983700DA3F0F /* EVViewController.m */ = {isa = PBXFileReference; lastKnownFileType = sourcecode.c.objc; path = EVViewController.m; sourceTree = "<group>"; };
		E44A0ABC1611983800DA3F0F /* EVTestTests.octest */ = {isa = PBXFileReference; explicitFileType = wrapper.cfbundle; includeInIndex = 0; path = EVTestTests.octest; sourceTree = BUILT_PRODUCTS_DIR; };
		E44A0ABD1611983800DA3F0F /* SenTestingKit.framework */ = {isa = PBXFileReference; lastKnownFileType = wrapper.framework; name = SenTestingKit.framework; path = Library/Frameworks/SenTestingKit.framework; sourceTree = DEVELOPER_DIR; };
		E44A0AC51611983800DA3F0F /* EVTestTests-Info.plist */ = {isa = PBXFileReference; lastKnownFileType = text.plist.xml; path = "EVTestTests-Info.plist"; sourceTree = "<group>"; };
		E44A0AC71611983800DA3F0F /* en */ = {isa = PBXFileReference; lastKnownFileType = text.plist.strings; name = en; path = en.lproj/InfoPlist.strings; sourceTree = "<group>"; };
		E44A0AC91611983800DA3F0F /* EVTestTests.h */ = {isa = PBXFileReference; lastKnownFileType = sourcecode.c.h; path = EVTestTests.h; sourceTree = "<group>"; };
		E44A0ACA1611983800DA3F0F /* EVTestTests.m */ = {isa = PBXFileReference; lastKnownFileType = sourcecode.c.objc; path = EVTestTests.m; sourceTree = "<group>"; };
		E48C3BD81612D6FE007BCB73 /* EVNoteEditViewController.h */ = {isa = PBXFileReference; fileEncoding = 4; lastKnownFileType = sourcecode.c.h; path = EVNoteEditViewController.h; sourceTree = "<group>"; };
		E48C3BD91612D6FE007BCB73 /* EVNoteEditViewController.m */ = {isa = PBXFileReference; fileEncoding = 4; lastKnownFileType = sourcecode.c.objc; path = EVNoteEditViewController.m; sourceTree = "<group>"; };
		E48C3BDE1612DEE4007BCB73 /* GCOAuth.h */ = {isa = PBXFileReference; fileEncoding = 4; lastKnownFileType = sourcecode.c.h; path = GCOAuth.h; sourceTree = "<group>"; };
		E48C3BDF1612DEE4007BCB73 /* GCOAuth.m */ = {isa = PBXFileReference; fileEncoding = 4; lastKnownFileType = sourcecode.c.objc; path = GCOAuth.m; sourceTree = "<group>"; };
		E48C3BE01612DEE4007BCB73 /* LICENSE */ = {isa = PBXFileReference; fileEncoding = 4; lastKnownFileType = text; path = LICENSE; sourceTree = "<group>"; };
		E48C3BE11612DEE4007BCB73 /* NSData+Base64.h */ = {isa = PBXFileReference; fileEncoding = 4; lastKnownFileType = sourcecode.c.h; path = "NSData+Base64.h"; sourceTree = "<group>"; };
		E48C3BE21612DEE4007BCB73 /* NSData+Base64.m */ = {isa = PBXFileReference; fileEncoding = 4; lastKnownFileType = sourcecode.c.objc; path = "NSData+Base64.m"; sourceTree = "<group>"; };
		E48C3BE41612DEE4007BCB73 /* LICENSE */ = {isa = PBXFileReference; fileEncoding = 4; lastKnownFileType = text; path = LICENSE; sourceTree = "<group>"; };
		E48C3BE51612DEE4007BCB73 /* NSString+URLEncoding.h */ = {isa = PBXFileReference; fileEncoding = 4; lastKnownFileType = sourcecode.c.h; path = "NSString+URLEncoding.h"; sourceTree = "<group>"; };
		E48C3BE61612DEE4007BCB73 /* NSString+URLEncoding.m */ = {isa = PBXFileReference; fileEncoding = 4; lastKnownFileType = sourcecode.c.objc; path = "NSString+URLEncoding.m"; sourceTree = "<group>"; };
		E48C3BE81612DEE4007BCB73 /* LICENSE */ = {isa = PBXFileReference; fileEncoding = 4; lastKnownFileType = text; path = LICENSE; sourceTree = "<group>"; };
		E48C3BE91612DEE4007BCB73 /* SSKeychain.h */ = {isa = PBXFileReference; fileEncoding = 4; lastKnownFileType = sourcecode.c.h; path = SSKeychain.h; sourceTree = "<group>"; };
		E48C3BEA1612DEE4007BCB73 /* SSKeychain.m */ = {isa = PBXFileReference; fileEncoding = 4; lastKnownFileType = sourcecode.c.objc; path = SSKeychain.m; sourceTree = "<group>"; };
		E48C3BEC1612DEE4007BCB73 /* LICENSE */ = {isa = PBXFileReference; fileEncoding = 4; lastKnownFileType = text; path = LICENSE; sourceTree = "<group>"; };
		E48C3BEE1612DEE4007BCB73 /* TBinaryProtocol.h */ = {isa = PBXFileReference; fileEncoding = 4; lastKnownFileType = sourcecode.c.h; path = TBinaryProtocol.h; sourceTree = "<group>"; };
		E48C3BEF1612DEE4007BCB73 /* TBinaryProtocol.m */ = {isa = PBXFileReference; fileEncoding = 4; lastKnownFileType = sourcecode.c.objc; path = TBinaryProtocol.m; sourceTree = "<group>"; };
		E48C3BF01612DEE4007BCB73 /* TProtocol.h */ = {isa = PBXFileReference; fileEncoding = 4; lastKnownFileType = sourcecode.c.h; path = TProtocol.h; sourceTree = "<group>"; };
		E48C3BF11612DEE4007BCB73 /* TProtocolException.h */ = {isa = PBXFileReference; fileEncoding = 4; lastKnownFileType = sourcecode.c.h; path = TProtocolException.h; sourceTree = "<group>"; };
		E48C3BF21612DEE4007BCB73 /* TProtocolException.m */ = {isa = PBXFileReference; fileEncoding = 4; lastKnownFileType = sourcecode.c.objc; path = TProtocolException.m; sourceTree = "<group>"; };
		E48C3BF31612DEE4007BCB73 /* TProtocolFactory.h */ = {isa = PBXFileReference; fileEncoding = 4; lastKnownFileType = sourcecode.c.h; path = TProtocolFactory.h; sourceTree = "<group>"; };
		E48C3BF41612DEE4007BCB73 /* TProtocolUtil.h */ = {isa = PBXFileReference; fileEncoding = 4; lastKnownFileType = sourcecode.c.h; path = TProtocolUtil.h; sourceTree = "<group>"; };
		E48C3BF51612DEE4007BCB73 /* TProtocolUtil.m */ = {isa = PBXFileReference; fileEncoding = 4; lastKnownFileType = sourcecode.c.objc; path = TProtocolUtil.m; sourceTree = "<group>"; };
		E48C3BF61612DEE4007BCB73 /* TApplicationException.h */ = {isa = PBXFileReference; fileEncoding = 4; lastKnownFileType = sourcecode.c.h; path = TApplicationException.h; sourceTree = "<group>"; };
		E48C3BF71612DEE4007BCB73 /* TApplicationException.m */ = {isa = PBXFileReference; fileEncoding = 4; lastKnownFileType = sourcecode.c.objc; path = TApplicationException.m; sourceTree = "<group>"; };
		E48C3BF81612DEE4007BCB73 /* TException.h */ = {isa = PBXFileReference; fileEncoding = 4; lastKnownFileType = sourcecode.c.h; path = TException.h; sourceTree = "<group>"; };
		E48C3BF91612DEE4007BCB73 /* TException.m */ = {isa = PBXFileReference; fileEncoding = 4; lastKnownFileType = sourcecode.c.objc; path = TException.m; sourceTree = "<group>"; };
		E48C3BFA1612DEE4007BCB73 /* Thrift.h */ = {isa = PBXFileReference; fileEncoding = 4; lastKnownFileType = sourcecode.c.h; path = Thrift.h; sourceTree = "<group>"; };
		E48C3BFB1612DEE4007BCB73 /* TProcessor.h */ = {isa = PBXFileReference; fileEncoding = 4; lastKnownFileType = sourcecode.c.h; path = TProcessor.h; sourceTree = "<group>"; };
		E48C3BFC1612DEE4007BCB73 /* TProcessorFactory.h */ = {isa = PBXFileReference; fileEncoding = 4; lastKnownFileType = sourcecode.c.h; path = TProcessorFactory.h; sourceTree = "<group>"; };
		E48C3BFE1612DEE4007BCB73 /* THTTPClient.h */ = {isa = PBXFileReference; fileEncoding = 4; lastKnownFileType = sourcecode.c.h; path = THTTPClient.h; sourceTree = "<group>"; };
		E48C3BFF1612DEE4007BCB73 /* THTTPClient.m */ = {isa = PBXFileReference; fileEncoding = 4; lastKnownFileType = sourcecode.c.objc; path = THTTPClient.m; sourceTree = "<group>"; };
		E48C3C001612DEE4007BCB73 /* TMemoryBuffer.h */ = {isa = PBXFileReference; fileEncoding = 4; lastKnownFileType = sourcecode.c.h; path = TMemoryBuffer.h; sourceTree = "<group>"; };
		E48C3C011612DEE4007BCB73 /* TMemoryBuffer.m */ = {isa = PBXFileReference; fileEncoding = 4; lastKnownFileType = sourcecode.c.objc; path = TMemoryBuffer.m; sourceTree = "<group>"; };
		E48C3C021612DEE4007BCB73 /* TTransport.h */ = {isa = PBXFileReference; fileEncoding = 4; lastKnownFileType = sourcecode.c.h; path = TTransport.h; sourceTree = "<group>"; };
		E48C3C031612DEE4007BCB73 /* TTransportException.h */ = {isa = PBXFileReference; fileEncoding = 4; lastKnownFileType = sourcecode.c.h; path = TTransportException.h; sourceTree = "<group>"; };
		E48C3C041612DEE4007BCB73 /* TTransportException.m */ = {isa = PBXFileReference; fileEncoding = 4; lastKnownFileType = sourcecode.c.objc; path = TTransportException.m; sourceTree = "<group>"; };
		E48C3C061612DEE4007BCB73 /* EDAM.h */ = {isa = PBXFileReference; fileEncoding = 4; lastKnownFileType = sourcecode.c.h; path = EDAM.h; sourceTree = "<group>"; };
		E48C3C071612DEE4007BCB73 /* EDAMErrors.h */ = {isa = PBXFileReference; fileEncoding = 4; lastKnownFileType = sourcecode.c.h; path = EDAMErrors.h; sourceTree = "<group>"; };
		E48C3C081612DEE4007BCB73 /* EDAMErrors.m */ = {isa = PBXFileReference; fileEncoding = 4; lastKnownFileType = sourcecode.c.objc; path = EDAMErrors.m; sourceTree = "<group>"; };
		E48C3C091612DEE4007BCB73 /* EDAMLimits.h */ = {isa = PBXFileReference; fileEncoding = 4; lastKnownFileType = sourcecode.c.h; path = EDAMLimits.h; sourceTree = "<group>"; };
		E48C3C0A1612DEE4007BCB73 /* EDAMLimits.m */ = {isa = PBXFileReference; fileEncoding = 4; lastKnownFileType = sourcecode.c.objc; path = EDAMLimits.m; sourceTree = "<group>"; };
		E48C3C0B1612DEE4007BCB73 /* EDAMNoteStore.h */ = {isa = PBXFileReference; fileEncoding = 4; lastKnownFileType = sourcecode.c.h; path = EDAMNoteStore.h; sourceTree = "<group>"; };
		E48C3C0C1612DEE4007BCB73 /* EDAMNoteStore.m */ = {isa = PBXFileReference; fileEncoding = 4; lastKnownFileType = sourcecode.c.objc; path = EDAMNoteStore.m; sourceTree = "<group>"; };
		E48C3C0D1612DEE4007BCB73 /* EDAMTypes.h */ = {isa = PBXFileReference; fileEncoding = 4; lastKnownFileType = sourcecode.c.h; path = EDAMTypes.h; sourceTree = "<group>"; };
		E48C3C0E1612DEE4007BCB73 /* EDAMTypes.m */ = {isa = PBXFileReference; fileEncoding = 4; lastKnownFileType = sourcecode.c.objc; path = EDAMTypes.m; sourceTree = "<group>"; };
		E48C3C0F1612DEE4007BCB73 /* EDAMUserStore.h */ = {isa = PBXFileReference; fileEncoding = 4; lastKnownFileType = sourcecode.c.h; path = EDAMUserStore.h; sourceTree = "<group>"; };
		E48C3C101612DEE4007BCB73 /* EDAMUserStore.m */ = {isa = PBXFileReference; fileEncoding = 4; lastKnownFileType = sourcecode.c.objc; path = EDAMUserStore.m; sourceTree = "<group>"; };
		E48C3C111612DEE4007BCB73 /* evernote-sdk-ios-Prefix.pch */ = {isa = PBXFileReference; fileEncoding = 4; lastKnownFileType = sourcecode.c.h; path = "evernote-sdk-ios-Prefix.pch"; sourceTree = "<group>"; };
		E48C3C121612DEE4007BCB73 /* EvernoteNoteStore.h */ = {isa = PBXFileReference; fileEncoding = 4; lastKnownFileType = sourcecode.c.h; path = EvernoteNoteStore.h; sourceTree = "<group>"; };
		E48C3C131612DEE4007BCB73 /* EvernoteNoteStore.m */ = {isa = PBXFileReference; fileEncoding = 4; lastKnownFileType = sourcecode.c.objc; path = EvernoteNoteStore.m; sourceTree = "<group>"; };
		E48C3C141612DEE4007BCB73 /* EvernoteSDK.h */ = {isa = PBXFileReference; fileEncoding = 4; lastKnownFileType = sourcecode.c.h; path = EvernoteSDK.h; sourceTree = "<group>"; };
		E48C3C151612DEE4007BCB73 /* EvernoteSDK.m */ = {isa = PBXFileReference; fileEncoding = 4; lastKnownFileType = sourcecode.c.objc; path = EvernoteSDK.m; sourceTree = "<group>"; };
		E48C3C161612DEE4007BCB73 /* EvernoteSession.h */ = {isa = PBXFileReference; fileEncoding = 4; lastKnownFileType = sourcecode.c.h; path = EvernoteSession.h; sourceTree = "<group>"; };
		E48C3C171612DEE4007BCB73 /* EvernoteSession.m */ = {isa = PBXFileReference; fileEncoding = 4; lastKnownFileType = sourcecode.c.objc; path = EvernoteSession.m; sourceTree = "<group>"; };
		E48C3C181612DEE4007BCB73 /* EvernoteUserStore.h */ = {isa = PBXFileReference; fileEncoding = 4; lastKnownFileType = sourcecode.c.h; path = EvernoteUserStore.h; sourceTree = "<group>"; };
		E48C3C191612DEE4007BCB73 /* EvernoteUserStore.m */ = {isa = PBXFileReference; fileEncoding = 4; lastKnownFileType = sourcecode.c.objc; path = EvernoteUserStore.m; sourceTree = "<group>"; };
		E48C3C1B1612DEE4007BCB73 /* ENAPI.h */ = {isa = PBXFileReference; fileEncoding = 4; lastKnownFileType = sourcecode.c.h; path = ENAPI.h; sourceTree = "<group>"; };
		E48C3C1C1612DEE4007BCB73 /* ENAPI.m */ = {isa = PBXFileReference; fileEncoding = 4; lastKnownFileType = sourcecode.c.objc; path = ENAPI.m; sourceTree = "<group>"; };
		E48C3C1D1612DEE4007BCB73 /* ENCredentials.h */ = {isa = PBXFileReference; fileEncoding = 4; lastKnownFileType = sourcecode.c.h; path = ENCredentials.h; sourceTree = "<group>"; };
		E48C3C1E1612DEE4007BCB73 /* ENCredentials.m */ = {isa = PBXFileReference; fileEncoding = 4; lastKnownFileType = sourcecode.c.objc; path = ENCredentials.m; sourceTree = "<group>"; };
		E48C3C1F1612DEE4007BCB73 /* ENCredentialStore.h */ = {isa = PBXFileReference; fileEncoding = 4; lastKnownFileType = sourcecode.c.h; path = ENCredentialStore.h; sourceTree = "<group>"; };
		E48C3C201612DEE4007BCB73 /* ENCredentialStore.m */ = {isa = PBXFileReference; fileEncoding = 4; lastKnownFileType = sourcecode.c.objc; path = ENCredentialStore.m; sourceTree = "<group>"; };
		E48C3C211612DEE4007BCB73 /* ENOAuthViewController.h */ = {isa = PBXFileReference; fileEncoding = 4; lastKnownFileType = sourcecode.c.h; path = ENOAuthViewController.h; sourceTree = "<group>"; };
		E48C3C221612DEE4007BCB73 /* ENOAuthViewController.m */ = {isa = PBXFileReference; fileEncoding = 4; lastKnownFileType = sourcecode.c.objc; path = ENOAuthViewController.m; sourceTree = "<group>"; };
		E48C3C411612EAA1007BCB73 /* EDAMNote+RawTextContent.h */ = {isa = PBXFileReference; fileEncoding = 4; lastKnownFileType = sourcecode.c.h; path = "EDAMNote+RawTextContent.h"; sourceTree = "<group>"; };
		E48C3C421612EAA1007BCB73 /* EDAMNote+RawTextContent.m */ = {isa = PBXFileReference; fileEncoding = 4; lastKnownFileType = sourcecode.c.objc; path = "EDAMNote+RawTextContent.m"; sourceTree = "<group>"; };
		E48C3C441612FE3C007BCB73 /* EVPlainENMLParser.h */ = {isa = PBXFileReference; fileEncoding = 4; lastKnownFileType = sourcecode.c.h; name = EVPlainENMLParser.h; path = EVTest/EVPlainENMLParser.h; sourceTree = SOURCE_ROOT; };
		E48C3C451612FE3C007BCB73 /* EVPlainENMLParser.m */ = {isa = PBXFileReference; fileEncoding = 4; lastKnownFileType = sourcecode.c.objc; name = EVPlainENMLParser.m; path = EVTest/EVPlainENMLParser.m; sourceTree = SOURCE_ROOT; };
		E48C3C471613EAC1007BCB73 /* EVTagParser.h */ = {isa = PBXFileReference; fileEncoding = 4; lastKnownFileType = sourcecode.c.h; name = EVTagParser.h; path = EVTest/EVTagParser.h; sourceTree = SOURCE_ROOT; };
		E48C3C481613EAC1007BCB73 /* EVTagParser.m */ = {isa = PBXFileReference; fileEncoding = 4; lastKnownFileType = sourcecode.c.objc; name = EVTagParser.m; path = EVTest/EVTagParser.m; sourceTree = SOURCE_ROOT; };
		E4E93D97161421280010D4AD /* ucweb.png */ = {isa = PBXFileReference; lastKnownFileType = image.png; name = ucweb.png; path = ../../../../../Desktop/ucweb.png; sourceTree = "<group>"; };
		E4E93D9B16142D150010D4AD /* NSData+MD5.h */ = {isa = PBXFileReference; fileEncoding = 4; lastKnownFileType = sourcecode.c.h; path = "NSData+MD5.h"; sourceTree = "<group>"; };
		E4E93D9C16142D150010D4AD /* NSData+MD5.m */ = {isa = PBXFileReference; fileEncoding = 4; lastKnownFileType = sourcecode.c.objc; path = "NSData+MD5.m"; sourceTree = "<group>"; };
		E4E93DA316143D180010D4AD /* EVShowImageViewController.h */ = {isa = PBXFileReference; fileEncoding = 4; lastKnownFileType = sourcecode.c.h; path = EVShowImageViewController.h; sourceTree = "<group>"; };
		E4E93DA416143D180010D4AD /* EVShowImageViewController.m */ = {isa = PBXFileReference; fileEncoding = 4; lastKnownFileType = sourcecode.c.objc; path = EVShowImageViewController.m; sourceTree = "<group>"; };
/* End PBXFileReference section */

/* Begin PBXFrameworksBuildPhase section */
		E44A0A8F1611983700DA3F0F /* Frameworks */ = {
			isa = PBXFrameworksBuildPhase;
			buildActionMask = 2147483647;
			files = (
				E41A0AB61611A39700EE4C85 /* Security.framework in Frameworks */,
				E44A0A971611983700DA3F0F /* UIKit.framework in Frameworks */,
				E44A0A991611983700DA3F0F /* Foundation.framework in Frameworks */,
				E44A0A9B1611983700DA3F0F /* CoreGraphics.framework in Frameworks */,
			);
			runOnlyForDeploymentPostprocessing = 0;
		};
		E44A0AB81611983800DA3F0F /* Frameworks */ = {
			isa = PBXFrameworksBuildPhase;
			buildActionMask = 2147483647;
			files = (
				E44A0ABE1611983800DA3F0F /* SenTestingKit.framework in Frameworks */,
				E44A0ABF1611983800DA3F0F /* UIKit.framework in Frameworks */,
				E44A0AC01611983800DA3F0F /* Foundation.framework in Frameworks */,
			);
			runOnlyForDeploymentPostprocessing = 0;
		};
/* End PBXFrameworksBuildPhase section */

/* Begin PBXGroup section */
		E41A0A1A16119B2500EE4C85 /* Dependence */ = {
			isa = PBXGroup;
			children = (
				E48C3BDB1612DEE4007BCB73 /* evernote-sdk-ios */,
				E41A0A9116119CA900EE4C85 /* projects */,
				E48C3C441612FE3C007BCB73 /* EVPlainENMLParser.h */,
				E48C3C451612FE3C007BCB73 /* EVPlainENMLParser.m */,
			);
			path = Dependence;
			sourceTree = "<group>";
		};
		E41A0A9116119CA900EE4C85 /* projects */ = {
			isa = PBXGroup;
			children = (
			);
			name = projects;
			sourceTree = "<group>";
		};
		E44A0A871611983700DA3F0F = {
			isa = PBXGroup;
			children = (
				E44A0A9C1611983700DA3F0F /* EVTest */,
				E44A0AC31611983800DA3F0F /* EVTestTests */,
				E44A0A951611983700DA3F0F /* Frameworks */,
				E44A0A931611983700DA3F0F /* Products */,
			);
			sourceTree = "<group>";
		};
		E44A0A931611983700DA3F0F /* Products */ = {
			isa = PBXGroup;
			children = (
				E44A0A921611983700DA3F0F /* EVTest.app */,
				E44A0ABC1611983800DA3F0F /* EVTestTests.octest */,
			);
			name = Products;
			sourceTree = "<group>";
		};
		E44A0A951611983700DA3F0F /* Frameworks */ = {
			isa = PBXGroup;
			children = (
				E41A0AB51611A39700EE4C85 /* Security.framework */,
				E44A0A961611983700DA3F0F /* UIKit.framework */,
				E44A0A981611983700DA3F0F /* Foundation.framework */,
				E44A0A9A1611983700DA3F0F /* CoreGraphics.framework */,
				E44A0ABD1611983800DA3F0F /* SenTestingKit.framework */,
			);
			name = Frameworks;
			sourceTree = "<group>";
		};
		E44A0A9C1611983700DA3F0F /* EVTest */ = {
			isa = PBXGroup;
			children = (
				E4E93D9A1614212F0010D4AD /* Resources */,
				E48C3C401612EA07007BCB73 /* Addons */,
				E41A0A1A16119B2500EE4C85 /* Dependence */,
				E48C3C471613EAC1007BCB73 /* EVTagParser.h */,
				E48C3C481613EAC1007BCB73 /* EVTagParser.m */,
				E44A0AA51611983700DA3F0F /* EVAppDelegate.h */,
				E44A0AA61611983700DA3F0F /* EVAppDelegate.m */,
				E41A0ACB1611B7BF00EE4C85 /* EVNotebookDetailViewController.h */,
				E41A0ACC1611B7BF00EE4C85 /* EVNotebookDetailViewController.m */,
				E44A0AAE1611983700DA3F0F /* MainStoryboard_iPhone.storyboard */,
				E41A0ACE1611B81C00EE4C85 /* EVNoteListViewController.h */,
				E41A0ACF1611B81C00EE4C85 /* EVNoteListViewController.m */,
				E44A0AB11611983700DA3F0F /* MainStoryboard_iPad.storyboard */,
				E44A0AB41611983700DA3F0F /* EVViewController.h */,
				E44A0AB51611983700DA3F0F /* EVViewController.m */,
				E48C3BD81612D6FE007BCB73 /* EVNoteEditViewController.h */,
				E48C3BD91612D6FE007BCB73 /* EVNoteEditViewController.m */,
				E44A0A9D1611983700DA3F0F /* Supporting Files */,
				E41A0AB71611AA6900EE4C85 /* EVNotebookListViewController.h */,
				E41A0AB81611AA6900EE4C85 /* EVNotebookListViewController.m */,
				E4E93DA316143D180010D4AD /* EVShowImageViewController.h */,
				E4E93DA416143D180010D4AD /* EVShowImageViewController.m */,
			);
			path = EVTest;
			sourceTree = "<group>";
		};
		E44A0A9D1611983700DA3F0F /* Supporting Files */ = {
			isa = PBXGroup;
			children = (
				E44A0A9E1611983700DA3F0F /* EVTest-Info.plist */,
				E44A0A9F1611983700DA3F0F /* InfoPlist.strings */,
				E44A0AA21611983700DA3F0F /* main.m */,
				E44A0AA41611983700DA3F0F /* EVTest-Prefix.pch */,
				E44A0AA81611983700DA3F0F /* Default.png */,
				E44A0AAA1611983700DA3F0F /* Default@2x.png */,
				E44A0AAC1611983700DA3F0F /* Default-568h@2x.png */,
			);
			name = "Supporting Files";
			sourceTree = "<group>";
		};
		E44A0AC31611983800DA3F0F /* EVTestTests */ = {
			isa = PBXGroup;
			children = (
				E44A0AC91611983800DA3F0F /* EVTestTests.h */,
				E44A0ACA1611983800DA3F0F /* EVTestTests.m */,
				E44A0AC41611983800DA3F0F /* Supporting Files */,
			);
			path = EVTestTests;
			sourceTree = "<group>";
		};
		E44A0AC41611983800DA3F0F /* Supporting Files */ = {
			isa = PBXGroup;
			children = (
				E44A0AC51611983800DA3F0F /* EVTestTests-Info.plist */,
				E44A0AC61611983800DA3F0F /* InfoPlist.strings */,
			);
			name = "Supporting Files";
			sourceTree = "<group>";
		};
		E48C3BDB1612DEE4007BCB73 /* evernote-sdk-ios */ = {
			isa = PBXGroup;
			children = (
				E48C3BDC1612DEE4007BCB73 /* 3rdParty */,
				E48C3C051612DEE4007BCB73 /* EDAM */,
				E48C3C111612DEE4007BCB73 /* evernote-sdk-ios-Prefix.pch */,
				E48C3C121612DEE4007BCB73 /* EvernoteNoteStore.h */,
				E48C3C131612DEE4007BCB73 /* EvernoteNoteStore.m */,
				E48C3C141612DEE4007BCB73 /* EvernoteSDK.h */,
				E48C3C151612DEE4007BCB73 /* EvernoteSDK.m */,
				E48C3C161612DEE4007BCB73 /* EvernoteSession.h */,
				E48C3C171612DEE4007BCB73 /* EvernoteSession.m */,
				E48C3C181612DEE4007BCB73 /* EvernoteUserStore.h */,
				E48C3C191612DEE4007BCB73 /* EvernoteUserStore.m */,
				E48C3C1A1612DEE4007BCB73 /* internal */,
			);
			path = "evernote-sdk-ios";
			sourceTree = "<group>";
		};
		E48C3BDC1612DEE4007BCB73 /* 3rdParty */ = {
			isa = PBXGroup;
			children = (
				E48C3BDD1612DEE4007BCB73 /* cocoa-oauth */,
				E48C3BE31612DEE4007BCB73 /* NSString+URLEncoding */,
				E48C3BE71612DEE4007BCB73 /* SSKeychain */,
				E48C3BEB1612DEE4007BCB73 /* Thrift */,
			);
			path = 3rdParty;
			sourceTree = "<group>";
		};
		E48C3BDD1612DEE4007BCB73 /* cocoa-oauth */ = {
			isa = PBXGroup;
			children = (
				E48C3BDE1612DEE4007BCB73 /* GCOAuth.h */,
				E48C3BDF1612DEE4007BCB73 /* GCOAuth.m */,
				E48C3BE01612DEE4007BCB73 /* LICENSE */,
				E48C3BE11612DEE4007BCB73 /* NSData+Base64.h */,
				E48C3BE21612DEE4007BCB73 /* NSData+Base64.m */,
			);
			path = "cocoa-oauth";
			sourceTree = "<group>";
		};
		E48C3BE31612DEE4007BCB73 /* NSString+URLEncoding */ = {
			isa = PBXGroup;
			children = (
				E48C3BE41612DEE4007BCB73 /* LICENSE */,
				E48C3BE51612DEE4007BCB73 /* NSString+URLEncoding.h */,
				E48C3BE61612DEE4007BCB73 /* NSString+URLEncoding.m */,
			);
			path = "NSString+URLEncoding";
			sourceTree = "<group>";
		};
		E48C3BE71612DEE4007BCB73 /* SSKeychain */ = {
			isa = PBXGroup;
			children = (
				E48C3BE81612DEE4007BCB73 /* LICENSE */,
				E48C3BE91612DEE4007BCB73 /* SSKeychain.h */,
				E48C3BEA1612DEE4007BCB73 /* SSKeychain.m */,
			);
			path = SSKeychain;
			sourceTree = "<group>";
		};
		E48C3BEB1612DEE4007BCB73 /* Thrift */ = {
			isa = PBXGroup;
			children = (
				E48C3BEC1612DEE4007BCB73 /* LICENSE */,
				E48C3BED1612DEE4007BCB73 /* protocol */,
				E48C3BF61612DEE4007BCB73 /* TApplicationException.h */,
				E48C3BF71612DEE4007BCB73 /* TApplicationException.m */,
				E48C3BF81612DEE4007BCB73 /* TException.h */,
				E48C3BF91612DEE4007BCB73 /* TException.m */,
				E48C3BFA1612DEE4007BCB73 /* Thrift.h */,
				E48C3BFB1612DEE4007BCB73 /* TProcessor.h */,
				E48C3BFC1612DEE4007BCB73 /* TProcessorFactory.h */,
				E48C3BFD1612DEE4007BCB73 /* transport */,
			);
			path = Thrift;
			sourceTree = "<group>";
		};
		E48C3BED1612DEE4007BCB73 /* protocol */ = {
			isa = PBXGroup;
			children = (
				E48C3BEE1612DEE4007BCB73 /* TBinaryProtocol.h */,
				E48C3BEF1612DEE4007BCB73 /* TBinaryProtocol.m */,
				E48C3BF01612DEE4007BCB73 /* TProtocol.h */,
				E48C3BF11612DEE4007BCB73 /* TProtocolException.h */,
				E48C3BF21612DEE4007BCB73 /* TProtocolException.m */,
				E48C3BF31612DEE4007BCB73 /* TProtocolFactory.h */,
				E48C3BF41612DEE4007BCB73 /* TProtocolUtil.h */,
				E48C3BF51612DEE4007BCB73 /* TProtocolUtil.m */,
			);
			path = protocol;
			sourceTree = "<group>";
		};
		E48C3BFD1612DEE4007BCB73 /* transport */ = {
			isa = PBXGroup;
			children = (
				E48C3BFE1612DEE4007BCB73 /* THTTPClient.h */,
				E48C3BFF1612DEE4007BCB73 /* THTTPClient.m */,
				E48C3C001612DEE4007BCB73 /* TMemoryBuffer.h */,
				E48C3C011612DEE4007BCB73 /* TMemoryBuffer.m */,
				E48C3C021612DEE4007BCB73 /* TTransport.h */,
				E48C3C031612DEE4007BCB73 /* TTransportException.h */,
				E48C3C041612DEE4007BCB73 /* TTransportException.m */,
			);
			path = transport;
			sourceTree = "<group>";
		};
		E48C3C051612DEE4007BCB73 /* EDAM */ = {
			isa = PBXGroup;
			children = (
				E48C3C061612DEE4007BCB73 /* EDAM.h */,
				E48C3C071612DEE4007BCB73 /* EDAMErrors.h */,
				E48C3C081612DEE4007BCB73 /* EDAMErrors.m */,
				E48C3C091612DEE4007BCB73 /* EDAMLimits.h */,
				E48C3C0A1612DEE4007BCB73 /* EDAMLimits.m */,
				E48C3C0B1612DEE4007BCB73 /* EDAMNoteStore.h */,
				E48C3C0C1612DEE4007BCB73 /* EDAMNoteStore.m */,
				E48C3C0D1612DEE4007BCB73 /* EDAMTypes.h */,
				E48C3C0E1612DEE4007BCB73 /* EDAMTypes.m */,
				E48C3C0F1612DEE4007BCB73 /* EDAMUserStore.h */,
				E48C3C101612DEE4007BCB73 /* EDAMUserStore.m */,
			);
			path = EDAM;
			sourceTree = "<group>";
		};
		E48C3C1A1612DEE4007BCB73 /* internal */ = {
			isa = PBXGroup;
			children = (
				E48C3C1B1612DEE4007BCB73 /* ENAPI.h */,
				E48C3C1C1612DEE4007BCB73 /* ENAPI.m */,
				E48C3C1D1612DEE4007BCB73 /* ENCredentials.h */,
				E48C3C1E1612DEE4007BCB73 /* ENCredentials.m */,
				E48C3C1F1612DEE4007BCB73 /* ENCredentialStore.h */,
				E48C3C201612DEE4007BCB73 /* ENCredentialStore.m */,
				E48C3C211612DEE4007BCB73 /* ENOAuthViewController.h */,
				E48C3C221612DEE4007BCB73 /* ENOAuthViewController.m */,
			);
			path = internal;
			sourceTree = "<group>";
		};
		E48C3C401612EA07007BCB73 /* Addons */ = {
			isa = PBXGroup;
			children = (
				E48C3C411612EAA1007BCB73 /* EDAMNote+RawTextContent.h */,
				E48C3C421612EAA1007BCB73 /* EDAMNote+RawTextContent.m */,
				E4E93D9B16142D150010D4AD /* NSData+MD5.h */,
				E4E93D9C16142D150010D4AD /* NSData+MD5.m */,
			);
			name = Addons;
			path = Dependence;
			sourceTree = "<group>";
		};
		E4E93D9A1614212F0010D4AD /* Resources */ = {
			isa = PBXGroup;
			children = (
				E4E93D97161421280010D4AD /* ucweb.png */,
			);
			name = Resources;
			sourceTree = "<group>";
		};
/* End PBXGroup section */

/* Begin PBXNativeTarget section */
		E44A0A911611983700DA3F0F /* EVTest */ = {
			isa = PBXNativeTarget;
			buildConfigurationList = E44A0ACE1611983800DA3F0F /* Build configuration list for PBXNativeTarget "EVTest" */;
			buildPhases = (
				E44A0A8E1611983700DA3F0F /* Sources */,
				E44A0A8F1611983700DA3F0F /* Frameworks */,
				E44A0A901611983700DA3F0F /* Resources */,
			);
			buildRules = (
			);
			dependencies = (
			);
			name = EVTest;
			productName = EVTest;
			productReference = E44A0A921611983700DA3F0F /* EVTest.app */;
			productType = "com.apple.product-type.application";
		};
		E44A0ABB1611983800DA3F0F /* EVTestTests */ = {
			isa = PBXNativeTarget;
			buildConfigurationList = E44A0AD11611983800DA3F0F /* Build configuration list for PBXNativeTarget "EVTestTests" */;
			buildPhases = (
				E44A0AB71611983800DA3F0F /* Sources */,
				E44A0AB81611983800DA3F0F /* Frameworks */,
				E44A0AB91611983800DA3F0F /* Resources */,
				E44A0ABA1611983800DA3F0F /* ShellScript */,
			);
			buildRules = (
			);
			dependencies = (
				E44A0AC21611983800DA3F0F /* PBXTargetDependency */,
			);
			name = EVTestTests;
			productName = EVTestTests;
			productReference = E44A0ABC1611983800DA3F0F /* EVTestTests.octest */;
			productType = "com.apple.product-type.bundle";
		};
/* End PBXNativeTarget section */

/* Begin PBXProject section */
		E44A0A891611983700DA3F0F /* Project object */ = {
			isa = PBXProject;
			attributes = {
				CLASSPREFIX = EV;
				LastUpgradeCheck = 0450;
				ORGANIZATIONNAME = zhengxx;
			};
			buildConfigurationList = E44A0A8C1611983700DA3F0F /* Build configuration list for PBXProject "EVTest" */;
			compatibilityVersion = "Xcode 3.2";
			developmentRegion = English;
			hasScannedForEncodings = 0;
			knownRegions = (
				en,
			);
			mainGroup = E44A0A871611983700DA3F0F;
			productRefGroup = E44A0A931611983700DA3F0F /* Products */;
			projectDirPath = "";
			projectRoot = "";
			targets = (
				E44A0A911611983700DA3F0F /* EVTest */,
				E44A0ABB1611983800DA3F0F /* EVTestTests */,
			);
		};
/* End PBXProject section */

/* Begin PBXResourcesBuildPhase section */
		E44A0A901611983700DA3F0F /* Resources */ = {
			isa = PBXResourcesBuildPhase;
			buildActionMask = 2147483647;
			files = (
				E44A0AA11611983700DA3F0F /* InfoPlist.strings in Resources */,
				E44A0AA91611983700DA3F0F /* Default.png in Resources */,
				E44A0AAB1611983700DA3F0F /* Default@2x.png in Resources */,
				E44A0AAD1611983700DA3F0F /* Default-568h@2x.png in Resources */,
				E44A0AB01611983700DA3F0F /* MainStoryboard_iPhone.storyboard in Resources */,
				E44A0AB31611983700DA3F0F /* MainStoryboard_iPad.storyboard in Resources */,
				E48C3C241612DEE4007BCB73 /* LICENSE in Resources */,
				E48C3C261612DEE4007BCB73 /* LICENSE in Resources */,
				E48C3C281612DEE4007BCB73 /* LICENSE in Resources */,
				E48C3C2A1612DEE4007BCB73 /* LICENSE in Resources */,
				E4E93D98161421280010D4AD /* ucweb.png in Resources */,
			);
			runOnlyForDeploymentPostprocessing = 0;
		};
		E44A0AB91611983800DA3F0F /* Resources */ = {
			isa = PBXResourcesBuildPhase;
			buildActionMask = 2147483647;
			files = (
				E44A0AC81611983800DA3F0F /* InfoPlist.strings in Resources */,
			);
			runOnlyForDeploymentPostprocessing = 0;
		};
/* End PBXResourcesBuildPhase section */

/* Begin PBXShellScriptBuildPhase section */
		E44A0ABA1611983800DA3F0F /* ShellScript */ = {
			isa = PBXShellScriptBuildPhase;
			buildActionMask = 2147483647;
			files = (
			);
			inputPaths = (
			);
			outputPaths = (
			);
			runOnlyForDeploymentPostprocessing = 0;
			shellPath = /bin/sh;
			shellScript = "# Run the unit tests in this test bundle.\n\"${SYSTEM_DEVELOPER_DIR}/Tools/RunUnitTests\"\n";
		};
/* End PBXShellScriptBuildPhase section */

/* Begin PBXSourcesBuildPhase section */
		E44A0A8E1611983700DA3F0F /* Sources */ = {
			isa = PBXSourcesBuildPhase;
			buildActionMask = 2147483647;
			files = (
				E44A0AA31611983700DA3F0F /* main.m in Sources */,
				E44A0AA71611983700DA3F0F /* EVAppDelegate.m in Sources */,
				E44A0AB61611983700DA3F0F /* EVViewController.m in Sources */,
				E41A0AB91611AA6A00EE4C85 /* EVNotebookListViewController.m in Sources */,
				E41A0ACD1611B7BF00EE4C85 /* EVNotebookDetailViewController.m in Sources */,
				E41A0AD01611B81C00EE4C85 /* EVNoteListViewController.m in Sources */,
				E48C3BDA1612D6FE007BCB73 /* EVNoteEditViewController.m in Sources */,
				E48C3C231612DEE4007BCB73 /* GCOAuth.m in Sources */,
				E48C3C251612DEE4007BCB73 /* NSData+Base64.m in Sources */,
				E48C3C271612DEE4007BCB73 /* NSString+URLEncoding.m in Sources */,
				E48C3C291612DEE4007BCB73 /* SSKeychain.m in Sources */,
				E48C3C2B1612DEE4007BCB73 /* TBinaryProtocol.m in Sources */,
				E48C3C2C1612DEE4007BCB73 /* TProtocolException.m in Sources */,
				E48C3C2D1612DEE4007BCB73 /* TProtocolUtil.m in Sources */,
				E48C3C2E1612DEE4007BCB73 /* TApplicationException.m in Sources */,
				E48C3C2F1612DEE4007BCB73 /* TException.m in Sources */,
				E48C3C301612DEE4007BCB73 /* THTTPClient.m in Sources */,
				E48C3C311612DEE4007BCB73 /* TMemoryBuffer.m in Sources */,
				E48C3C321612DEE4007BCB73 /* TTransportException.m in Sources */,
				E48C3C331612DEE4007BCB73 /* EDAMErrors.m in Sources */,
				E48C3C341612DEE4007BCB73 /* EDAMLimits.m in Sources */,
				E48C3C351612DEE4007BCB73 /* EDAMNoteStore.m in Sources */,
				E48C3C361612DEE4007BCB73 /* EDAMTypes.m in Sources */,
				E48C3C371612DEE4007BCB73 /* EDAMUserStore.m in Sources */,
				E48C3C381612DEE4007BCB73 /* EvernoteNoteStore.m in Sources */,
				E48C3C391612DEE4007BCB73 /* EvernoteSDK.m in Sources */,
				E48C3C3A1612DEE4007BCB73 /* EvernoteSession.m in Sources */,
				E48C3C3B1612DEE4007BCB73 /* EvernoteUserStore.m in Sources */,
				E48C3C3C1612DEE4007BCB73 /* ENAPI.m in Sources */,
				E48C3C3D1612DEE4007BCB73 /* ENCredentials.m in Sources */,
				E48C3C3E1612DEE4007BCB73 /* ENCredentialStore.m in Sources */,
				E48C3C3F1612DEE4007BCB73 /* ENOAuthViewController.m in Sources */,
				E48C3C431612EAA1007BCB73 /* EDAMNote+RawTextContent.m in Sources */,
				E48C3C461612FE3C007BCB73 /* EVPlainENMLParser.m in Sources */,
				E48C3C491613EAC1007BCB73 /* EVTagParser.m in Sources */,
				E4E93D9D16142D150010D4AD /* NSData+MD5.m in Sources */,
				E4E93DA516143D180010D4AD /* EVShowImageViewController.m in Sources */,
			);
			runOnlyForDeploymentPostprocessing = 0;
		};
		E44A0AB71611983800DA3F0F /* Sources */ = {
			isa = PBXSourcesBuildPhase;
			buildActionMask = 2147483647;
			files = (
				E44A0ACB1611983800DA3F0F /* EVTestTests.m in Sources */,
				E41A0ABA1611AA6A00EE4C85 /* EVNotebookListViewController.m in Sources */,
			);
			runOnlyForDeploymentPostprocessing = 0;
		};
/* End PBXSourcesBuildPhase section */

/* Begin PBXTargetDependency section */
		E44A0AC21611983800DA3F0F /* PBXTargetDependency */ = {
			isa = PBXTargetDependency;
			target = E44A0A911611983700DA3F0F /* EVTest */;
			targetProxy = E44A0AC11611983800DA3F0F /* PBXContainerItemProxy */;
		};
/* End PBXTargetDependency section */

/* Begin PBXVariantGroup section */
		E44A0A9F1611983700DA3F0F /* InfoPlist.strings */ = {
			isa = PBXVariantGroup;
			children = (
				E44A0AA01611983700DA3F0F /* en */,
			);
			name = InfoPlist.strings;
			sourceTree = "<group>";
		};
		E44A0AAE1611983700DA3F0F /* MainStoryboard_iPhone.storyboard */ = {
			isa = PBXVariantGroup;
			children = (
				E44A0AAF1611983700DA3F0F /* en */,
			);
			name = MainStoryboard_iPhone.storyboard;
			sourceTree = "<group>";
		};
		E44A0AB11611983700DA3F0F /* MainStoryboard_iPad.storyboard */ = {
			isa = PBXVariantGroup;
			children = (
				E44A0AB21611983700DA3F0F /* en */,
			);
			name = MainStoryboard_iPad.storyboard;
			sourceTree = "<group>";
		};
		E44A0AC61611983800DA3F0F /* InfoPlist.strings */ = {
			isa = PBXVariantGroup;
			children = (
				E44A0AC71611983800DA3F0F /* en */,
			);
			name = InfoPlist.strings;
			sourceTree = "<group>";
		};
/* End PBXVariantGroup section */

/* Begin XCBuildConfiguration section */
		E44A0ACC1611983800DA3F0F /* Debug */ = {
			isa = XCBuildConfiguration;
			buildSettings = {
				ALWAYS_SEARCH_USER_PATHS = NO;
				CLANG_CXX_LANGUAGE_STANDARD = "gnu++0x";
				CLANG_CXX_LIBRARY = "libc++";
				CLANG_WARN_EMPTY_BODY = YES;
				CLANG_WARN__DUPLICATE_METHOD_MATCH = YES;
				"CODE_SIGN_IDENTITY[sdk=iphoneos*]" = "iPhone Developer";
				COPY_PHASE_STRIP = NO;
				GCC_C_LANGUAGE_STANDARD = gnu99;
				GCC_DYNAMIC_NO_PIC = NO;
				GCC_OPTIMIZATION_LEVEL = 0;
				GCC_PREPROCESSOR_DEFINITIONS = (
					"DEBUG=1",
					"$(inherited)",
				);
				GCC_SYMBOLS_PRIVATE_EXTERN = NO;
				GCC_WARN_ABOUT_RETURN_TYPE = YES;
				GCC_WARN_UNINITIALIZED_AUTOS = YES;
				GCC_WARN_UNUSED_VARIABLE = YES;
				IPHONEOS_DEPLOYMENT_TARGET = 6.0;
				OTHER_LDFLAGS = "-ObjC";
				SDKROOT = iphoneos;
				TARGETED_DEVICE_FAMILY = "1,2";
			};
			name = Debug;
		};
		E44A0ACD1611983800DA3F0F /* Release */ = {
			isa = XCBuildConfiguration;
			buildSettings = {
				ALWAYS_SEARCH_USER_PATHS = NO;
				CLANG_CXX_LANGUAGE_STANDARD = "gnu++0x";
				CLANG_CXX_LIBRARY = "libc++";
				CLANG_WARN_EMPTY_BODY = YES;
				CLANG_WARN__DUPLICATE_METHOD_MATCH = YES;
				"CODE_SIGN_IDENTITY[sdk=iphoneos*]" = "iPhone Developer";
				COPY_PHASE_STRIP = YES;
				GCC_C_LANGUAGE_STANDARD = gnu99;
				GCC_WARN_ABOUT_RETURN_TYPE = YES;
				GCC_WARN_UNINITIALIZED_AUTOS = YES;
				GCC_WARN_UNUSED_VARIABLE = YES;
				IPHONEOS_DEPLOYMENT_TARGET = 6.0;
				OTHER_CFLAGS = "-DNS_BLOCK_ASSERTIONS=1";
				OTHER_LDFLAGS = "-ObjC";
				SDKROOT = iphoneos;
				TARGETED_DEVICE_FAMILY = "1,2";
				VALIDATE_PRODUCT = YES;
			};
			name = Release;
		};
		E44A0ACF1611983800DA3F0F /* Debug */ = {
			isa = XCBuildConfiguration;
			buildSettings = {
				CLANG_WARN_OBJC_MISSING_PROPERTY_SYNTHESIS = YES;
				GCC_PRECOMPILE_PREFIX_HEADER = YES;
				GCC_PREFIX_HEADER = "EVTest/EVTest-Prefix.pch";
				GCC_TREAT_WARNINGS_AS_ERRORS = YES;
				HEADER_SEARCH_PATHS = "./EVTest/Dependence/**";
				INFOPLIST_FILE = "EVTest/EVTest-Info.plist";
				IPHONEOS_DEPLOYMENT_TARGET = 5.1;
				PRODUCT_NAME = "$(TARGET_NAME)";
				WRAPPER_EXTENSION = app;
			};
			name = Debug;
		};
		E44A0AD01611983800DA3F0F /* Release */ = {
			isa = XCBuildConfiguration;
			buildSettings = {
				CLANG_WARN_OBJC_MISSING_PROPERTY_SYNTHESIS = YES;
				GCC_PRECOMPILE_PREFIX_HEADER = YES;
				GCC_PREFIX_HEADER = "EVTest/EVTest-Prefix.pch";
				GCC_TREAT_WARNINGS_AS_ERRORS = YES;
				HEADER_SEARCH_PATHS = "./EVTest/Dependence/**";
				INFOPLIST_FILE = "EVTest/EVTest-Info.plist";
				IPHONEOS_DEPLOYMENT_TARGET = 5.1;
				PRODUCT_NAME = "$(TARGET_NAME)";
				WRAPPER_EXTENSION = app;
			};
			name = Release;
		};
		E44A0AD21611983800DA3F0F /* Debug */ = {
			isa = XCBuildConfiguration;
			buildSettings = {
				BUNDLE_LOADER = "$(BUILT_PRODUCTS_DIR)/EVTest.app/EVTest";
				FRAMEWORK_SEARCH_PATHS = (
					"\"$(SDKROOT)/Developer/Library/Frameworks\"",
					"\"$(DEVELOPER_LIBRARY_DIR)/Frameworks\"",
				);
				GCC_PRECOMPILE_PREFIX_HEADER = YES;
				GCC_PREFIX_HEADER = "EVTest/EVTest-Prefix.pch";
				INFOPLIST_FILE = "EVTestTests/EVTestTests-Info.plist";
				PRODUCT_NAME = "$(TARGET_NAME)";
				TEST_HOST = "$(BUNDLE_LOADER)";
				WRAPPER_EXTENSION = octest;
			};
			name = Debug;
		};
		E44A0AD31611983800DA3F0F /* Release */ = {
			isa = XCBuildConfiguration;
			buildSettings = {
				BUNDLE_LOADER = "$(BUILT_PRODUCTS_DIR)/EVTest.app/EVTest";
				FRAMEWORK_SEARCH_PATHS = (
					"\"$(SDKROOT)/Developer/Library/Frameworks\"",
					"\"$(DEVELOPER_LIBRARY_DIR)/Frameworks\"",
				);
				GCC_PRECOMPILE_PREFIX_HEADER = YES;
				GCC_PREFIX_HEADER = "EVTest/EVTest-Prefix.pch";
				INFOPLIST_FILE = "EVTestTests/EVTestTests-Info.plist";
				PRODUCT_NAME = "$(TARGET_NAME)";
				TEST_HOST = "$(BUNDLE_LOADER)";
				WRAPPER_EXTENSION = octest;
			};
			name = Release;
		};
/* End XCBuildConfiguration section */

/* Begin XCConfigurationList section */
		E44A0A8C1611983700DA3F0F /* Build configuration list for PBXProject "EVTest" */ = {
			isa = XCConfigurationList;
			buildConfigurations = (
				E44A0ACC1611983800DA3F0F /* Debug */,
				E44A0ACD1611983800DA3F0F /* Release */,
			);
			defaultConfigurationIsVisible = 0;
			defaultConfigurationName = Release;
		};
		E44A0ACE1611983800DA3F0F /* Build configuration list for PBXNativeTarget "EVTest" */ = {
			isa = XCConfigurationList;
			buildConfigurations = (
				E44A0ACF1611983800DA3F0F /* Debug */,
				E44A0AD01611983800DA3F0F /* Release */,
			);
			defaultConfigurationIsVisible = 0;
			defaultConfigurationName = Release;
		};
		E44A0AD11611983800DA3F0F /* Build configuration list for PBXNativeTarget "EVTestTests" */ = {
			isa = XCConfigurationList;
			buildConfigurations = (
				E44A0AD21611983800DA3F0F /* Debug */,
				E44A0AD31611983800DA3F0F /* Release */,
			);
			defaultConfigurationIsVisible = 0;
			defaultConfigurationName = Release;
		};
/* End XCConfigurationList section */
	};
	rootObject = E44A0A891611983700DA3F0F /* Project object */;
}
